{
  "name": "pocket_chef",
  "lockfileVersion": 3,
  "requires": true,
  "packages": {
    "": {
      "dependencies": {
        "@capacitor/keyboard": "^7.0.0"
      }
    },
    "node_modules/@capacitor/core": {
      "version": "7.0.0",
      "resolved": "https://registry.npmjs.org/@capacitor/core/-/core-7.0.0.tgz",
      "integrity": "sha512-JMJxPi/tHeOR/I87/P0kc1DUKrj+XfXlYTnNZ8sCp4LA/MPLkTOzpZm3cga7fTY0nWaSqLll2xalrC0psQBfuA==",
      "peer": true,
      "dependencies": {
        "tslib": "^2.1.0"
      }
    },
    "node_modules/@capacitor/keyboard": {
      "version": "7.0.0",
      "resolved": "https://registry.npmjs.org/@capacitor/keyboard/-/keyboard-7.0.0.tgz",
      "integrity": "sha512-Tqwy8wG+sx4UqiFCX4Q+bFw6uKgG7BiHKAPpeefoIgoEB8H8Jf3xZNZoVPnJIMuPsCdSvuyHXZbJXH9IEEirGA==",
      "peerDependencies": {
        "@capacitor/core": ">=7.0.0"
      }
    },
    "node_modules/tslib": {
      "version": "2.8.1",
      "resolved": "https://registry.npmjs.org/tslib/-/tslib-2.8.1.tgz",
      "integrity": "sha512-oJFu94HQb+KVduSUQL7wnpmqnfmLsOA/nAh6b6EH0wCEoK0/mPeXU6c3wKDV83MkOuHPRHtSXKKU99IBazS/2w==",
      "peer": true
    }
  }
}
